
Microsoft Visual Studio Solution File, Format Version 12.00
# Visual Studio Version 16
VisualStudioVersion = 16.0.29613.14
MinimumVisualStudioVersion = 10.0.40219.1
Project("{2150E333-8FDC-42A3-9474-1A3956D46DE8}") = "Domain", "Domain", "{B7AD4D56-FA9A-47FB-BDDB-2CF9FF57C71D}"
EndProject
Project("{2150E333-8FDC-42A3-9474-1A3956D46DE8}") = "Infra.Bus", "Infra.Bus", "{C10BA30C-CF23-4B07-9BA5-64317C2BE8C4}"
EndProject
Project("{2150E333-8FDC-42A3-9474-1A3956D46DE8}") = "Microservices", "Microservices", "{F9736AEC-412E-480D-8C57-F50726B2DFC4}"
EndProject
Project("{2150E333-8FDC-42A3-9474-1A3956D46DE8}") = "Infra.IoC", "Infra.IoC", "{447039AF-5DD0-409C-95B5-86B0DE176CC7}"
EndProject
Project("{2150E333-8FDC-42A3-9474-1A3956D46DE8}") = "Presentation", "Presentation", "{DA31EB72-0E0F-45A8-8009-B6644D703DFE}"
EndProject
Project("{9A19103F-16F7-4668-BE54-9A1E7A4F7556}") = "MicroRabbit.Domain.Core", "MicroRabbit.Domain.Core\MicroRabbit.Domain.Core.csproj", "{B7AD701D-C34A-45CE-AA08-95B362BAD67D}"
EndProject
Project("{FAE04EC0-301F-11D3-BF4B-00C04F79EFBC}") = "MicroRabbit.Infra.Bus", "MicroRabbit.Infra.Bus\MicroRabbit.Infra.Bus.csproj", "{7011B51E-F9B8-4747-824B-39A2FA215014}"
EndProject
Project("{FAE04EC0-301F-11D3-BF4B-00C04F79EFBC}") = "MicroRabbit.Infra.Ioc", "MicroRabbit.Infra.Ioc\MicroRabbit.Infra.Ioc.csproj", "{F4C6330A-0536-4A82-A1BC-0B020A8E0E83}"
EndProject
Project("{2150E333-8FDC-42A3-9474-1A3956D46DE8}") = "Banking", "Banking", "{F704093F-D5F0-4A0F-9885-608BF3BC0FE1}"
EndProject
Project("{2150E333-8FDC-42A3-9474-1A3956D46DE8}") = "Api", "Api", "{67A9BE19-FD78-460A-B495-AD0ABCD2F3DD}"
EndProject
Project("{2150E333-8FDC-42A3-9474-1A3956D46DE8}") = "Domain", "Domain", "{8E187D2B-C71B-4E71-9900-FD0CAD55BA43}"
EndProject
Project("{2150E333-8FDC-42A3-9474-1A3956D46DE8}") = "Application", "Application", "{176DAA39-868B-49CA-92A4-B7CB2B67C134}"
EndProject
Project("{2150E333-8FDC-42A3-9474-1A3956D46DE8}") = "Data", "Data", "{0BE8479E-E839-4A46-A9B3-4E16622EFE85}"
EndProject
Project("{FAE04EC0-301F-11D3-BF4B-00C04F79EFBC}") = "MicroRabbit.Banking.Api", "MicroRabbit.Banking.Api\MicroRabbit.Banking.Api.csproj", "{61513448-1242-4696-BD99-E3DEEBDFFDA3}"
EndProject
Project("{FAE04EC0-301F-11D3-BF4B-00C04F79EFBC}") = "MicroRabbit.Banking.Application", "MicroRabbit.Banking.Application\MicroRabbit.Banking.Application.csproj", "{56ADFE5D-F2D5-4B93-8873-B5A03019555F}"
EndProject
Project("{FAE04EC0-301F-11D3-BF4B-00C04F79EFBC}") = "MicroRabbit.Banking.Data", "MicroRabbit.Banking.Data\MicroRabbit.Banking.Data.csproj", "{6D7861F1-737A-4B40-A1C2-485AB2197F49}"
EndProject
Project("{FAE04EC0-301F-11D3-BF4B-00C04F79EFBC}") = "MicroRabbit.Banking.Domain", "MicroRabbit.Banking.Domain\MicroRabbit.Banking.Domain.csproj", "{3D80BE83-0472-4945-8CB8-823A001841B1}"
EndProject
Global
	GlobalSection(SolutionConfigurationPlatforms) = preSolution
		Debug|Any CPU = Debug|Any CPU
		Release|Any CPU = Release|Any CPU
	EndGlobalSection
	GlobalSection(ProjectConfigurationPlatforms) = postSolution
		{B7AD701D-C34A-45CE-AA08-95B362BAD67D}.Debug|Any CPU.ActiveCfg = Debug|Any CPU
		{B7AD701D-C34A-45CE-AA08-95B362BAD67D}.Debug|Any CPU.Build.0 = Debug|Any CPU
		{B7AD701D-C34A-45CE-AA08-95B362BAD67D}.Release|Any CPU.ActiveCfg = Release|Any CPU
		{B7AD701D-C34A-45CE-AA08-95B362BAD67D}.Release|Any CPU.Build.0 = Release|Any CPU
		{7011B51E-F9B8-4747-824B-39A2FA215014}.Debug|Any CPU.ActiveCfg = Debug|Any CPU
		{7011B51E-F9B8-4747-824B-39A2FA215014}.Debug|Any CPU.Build.0 = Debug|Any CPU
		{7011B51E-F9B8-4747-824B-39A2FA215014}.Release|Any CPU.ActiveCfg = Release|Any CPU
		{7011B51E-F9B8-4747-824B-39A2FA215014}.Release|Any CPU.Build.0 = Release|Any CPU
		{F4C6330A-0536-4A82-A1BC-0B020A8E0E83}.Debug|Any CPU.ActiveCfg = Debug|Any CPU
		{F4C6330A-0536-4A82-A1BC-0B020A8E0E83}.Debug|Any CPU.Build.0 = Debug|Any CPU
		{F4C6330A-0536-4A82-A1BC-0B020A8E0E83}.Release|Any CPU.ActiveCfg = Release|Any CPU
		{F4C6330A-0536-4A82-A1BC-0B020A8E0E83}.Release|Any CPU.Build.0 = Release|Any CPU
		{61513448-1242-4696-BD99-E3DEEBDFFDA3}.Debug|Any CPU.ActiveCfg = Debug|Any CPU
		{61513448-1242-4696-BD99-E3DEEBDFFDA3}.Debug|Any CPU.Build.0 = Debug|Any CPU
		{61513448-1242-4696-BD99-E3DEEBDFFDA3}.Release|Any CPU.ActiveCfg = Release|Any CPU
		{61513448-1242-4696-BD99-E3DEEBDFFDA3}.Release|Any CPU.Build.0 = Release|Any CPU
		{56ADFE5D-F2D5-4B93-8873-B5A03019555F}.Debug|Any CPU.ActiveCfg = Debug|Any CPU
		{56ADFE5D-F2D5-4B93-8873-B5A03019555F}.Debug|Any CPU.Build.0 = Debug|Any CPU
		{56ADFE5D-F2D5-4B93-8873-B5A03019555F}.Release|Any CPU.ActiveCfg = Release|Any CPU
		{56ADFE5D-F2D5-4B93-8873-B5A03019555F}.Release|Any CPU.Build.0 = Release|Any CPU
		{6D7861F1-737A-4B40-A1C2-485AB2197F49}.Debug|Any CPU.ActiveCfg = Debug|Any CPU
		{6D7861F1-737A-4B40-A1C2-485AB2197F49}.Debug|Any CPU.Build.0 = Debug|Any CPU
		{6D7861F1-737A-4B40-A1C2-485AB2197F49}.Release|Any CPU.ActiveCfg = Release|Any CPU
		{6D7861F1-737A-4B40-A1C2-485AB2197F49}.Release|Any CPU.Build.0 = Release|Any CPU
		{3D80BE83-0472-4945-8CB8-823A001841B1}.Debug|Any CPU.ActiveCfg = Debug|Any CPU
		{3D80BE83-0472-4945-8CB8-823A001841B1}.Debug|Any CPU.Build.0 = Debug|Any CPU
		{3D80BE83-0472-4945-8CB8-823A001841B1}.Release|Any CPU.ActiveCfg = Release|Any CPU
		{3D80BE83-0472-4945-8CB8-823A001841B1}.Release|Any CPU.Build.0 = Release|Any CPU
	EndGlobalSection
	GlobalSection(SolutionProperties) = preSolution
		HideSolutionNode = FALSE
	EndGlobalSection
	GlobalSection(NestedProjects) = preSolution
		{B7AD701D-C34A-45CE-AA08-95B362BAD67D} = {B7AD4D56-FA9A-47FB-BDDB-2CF9FF57C71D}
		{7011B51E-F9B8-4747-824B-39A2FA215014} = {C10BA30C-CF23-4B07-9BA5-64317C2BE8C4}
		{F4C6330A-0536-4A82-A1BC-0B020A8E0E83} = {447039AF-5DD0-409C-95B5-86B0DE176CC7}
		{F704093F-D5F0-4A0F-9885-608BF3BC0FE1} = {F9736AEC-412E-480D-8C57-F50726B2DFC4}
		{67A9BE19-FD78-460A-B495-AD0ABCD2F3DD} = {F704093F-D5F0-4A0F-9885-608BF3BC0FE1}
		{8E187D2B-C71B-4E71-9900-FD0CAD55BA43} = {F704093F-D5F0-4A0F-9885-608BF3BC0FE1}
		{176DAA39-868B-49CA-92A4-B7CB2B67C134} = {F704093F-D5F0-4A0F-9885-608BF3BC0FE1}
		{0BE8479E-E839-4A46-A9B3-4E16622EFE85} = {F704093F-D5F0-4A0F-9885-608BF3BC0FE1}
		{61513448-1242-4696-BD99-E3DEEBDFFDA3} = {67A9BE19-FD78-460A-B495-AD0ABCD2F3DD}
		{56ADFE5D-F2D5-4B93-8873-B5A03019555F} = {176DAA39-868B-49CA-92A4-B7CB2B67C134}
		{6D7861F1-737A-4B40-A1C2-485AB2197F49} = {0BE8479E-E839-4A46-A9B3-4E16622EFE85}
		{3D80BE83-0472-4945-8CB8-823A001841B1} = {8E187D2B-C71B-4E71-9900-FD0CAD55BA43}
	EndGlobalSection
	GlobalSection(ExtensibilityGlobals) = postSolution
		SolutionGuid = {7319223B-1CC6-461E-80EB-505C284DF70F}
	EndGlobalSection
EndGlobal
